// !$*UTF8*$!
{
	archiveVersion = 1;
	classes = {
	};
	objectVersion = 50;
	objects = {

/* Begin PBXBuildFile section */
		046C360B23FC0C8400C71A07 /* AppDelegate.m in Sources */ = {isa = PBXBuildFile; fileRef = 046C360A23FC0C8400C71A07 /* AppDelegate.m */; };
		046C360E23FC0C8400C71A07 /* ViewController.m in Sources */ = {isa = PBXBuildFile; fileRef = 046C360D23FC0C8400C71A07 /* ViewController.m */; };
		046C361123FC0C8400C71A07 /* Main.storyboard in Resources */ = {isa = PBXBuildFile; fileRef = 046C360F23FC0C8400C71A07 /* Main.storyboard */; };
		046C361323FC0C8700C71A07 /* Assets.xcassets in Resources */ = {isa = PBXBuildFile; fileRef = 046C361223FC0C8700C71A07 /* Assets.xcassets */; };
		046C361623FC0C8700C71A07 /* LaunchScreen.storyboard in Resources */ = {isa = PBXBuildFile; fileRef = 046C361423FC0C8700C71A07 /* LaunchScreen.storyboard */; };
		046C361923FC0C8700C71A07 /* main.m in Sources */ = {isa = PBXBuildFile; fileRef = 046C361823FC0C8700C71A07 /* main.m */; };
		046C362123FC40AF00C71A07 /* VSObject.m in Sources */ = {isa = PBXBuildFile; fileRef = 046C362023FC40AF00C71A07 /* VSObject.m */; };
/* End PBXBuildFile section */

/* Begin PBXFileReference section */
		046C360623FC0C8400C71A07 /* 12. Blocks.app */ = {isa = PBXFileReference; explicitFileType = wrapper.application; includeInIndex = 0; path = "12. Blocks.app"; sourceTree = BUILT_PRODUCTS_DIR; };
		046C360923FC0C8400C71A07 /* AppDelegate.h */ = {isa = PBXFileReference; lastKnownFileType = sourcecode.c.h; path = AppDelegate.h; sourceTree = "<group>"; };
		046C360A23FC0C8400C71A07 /* AppDelegate.m */ = {isa = PBXFileReference; lastKnownFileType = sourcecode.c.objc; path = AppDelegate.m; sourceTree = "<group>"; };
		046C360C23FC0C8400C71A07 /* ViewController.h */ = {isa = PBXFileReference; lastKnownFileType = sourcecode.c.h; path = ViewController.h; sourceTree = "<group>"; };
		046C360D23FC0C8400C71A07 /* ViewController.m */ = {isa = PBXFileReference; lastKnownFileType = sourcecode.c.objc; path = ViewController.m; sourceTree = "<group>"; };
		046C361023FC0C8400C71A07 /* Base */ = {isa = PBXFileReference; lastKnownFileType = file.storyboard; name = Base; path = Base.lproj/Main.storyboard; sourceTree = "<group>"; };
		046C361223FC0C8700C71A07 /* Assets.xcassets */ = {isa = PBXFileReference; lastKnownFileType = folder.assetcatalog; path = Assets.xcassets; sourceTree = "<group>"; };
		046C361523FC0C8700C71A07 /* Base */ = {isa = PBXFileReference; lastKnownFileType = file.storyboard; name = Base; path = Base.lproj/LaunchScreen.storyboard; sourceTree = "<group>"; };
		046C361723FC0C8700C71A07 /* Info.plist */ = {isa = PBXFileReference; lastKnownFileType = text.plist.xml; path = Info.plist; sourceTree = "<group>"; };
		046C361823FC0C8700C71A07 /* main.m */ = {isa = PBXFileReference; lastKnownFileType = sourcecode.c.objc; path = main.m; sourceTree = "<group>"; };
		046C361F23FC40AF00C71A07 /* VSObject.h */ = {isa = PBXFileReference; lastKnownFileType = sourcecode.c.h; path = VSObject.h; sourceTree = "<group>"; };
		046C362023FC40AF00C71A07 /* VSObject.m */ = {isa = PBXFileReference; lastKnownFileType = sourcecode.c.objc; path = VSObject.m; sourceTree = "<group>"; };
/* End PBXFileReference section */

/* Begin PBXFrameworksBuildPhase section */
		046C360323FC0C8400C71A07 /* Frameworks */ = {
			isa = PBXFrameworksBuildPhase;
			buildActionMask = 2147483647;
			files = (
			);
			runOnlyForDeploymentPostprocessing = 0;
		};
/* End PBXFrameworksBuildPhase section */

/* Begin PBXGroup section */
		046C35FD23FC0C8400C71A07 = {
			isa = PBXGroup;
			children = (
				046C360823FC0C8400C71A07 /* 12. Blocks */,
				046C360723FC0C8400C71A07 /* Products */,
			);
			sourceTree = "<group>";
		};
		046C360723FC0C8400C71A07 /* Products */ = {
			isa = PBXGroup;
			children = (
				046C360623FC0C8400C71A07 /* 12. Blocks.app */,
			);
			name = Products;
			sourceTree = "<group>";
		};
		046C360823FC0C8400C71A07 /* 12. Blocks */ = {
			isa = PBXGroup;
			children = (
				046C361F23FC40AF00C71A07 /* VSObject.h */,
				046C362023FC40AF00C71A07 /* VSObject.m */,
				046C360923FC0C8400C71A07 /* AppDelegate.h */,
				046C360A23FC0C8400C71A07 /* AppDelegate.m */,
				046C360C23FC0C8400C71A07 /* ViewController.h */,
				046C360D23FC0C8400C71A07 /* ViewController.m */,
				046C360F23FC0C8400C71A07 /* Main.storyboard */,
				046C361223FC0C8700C71A07 /* Assets.xcassets */,
				046C361423FC0C8700C71A07 /* LaunchScreen.storyboard */,
				046C361723FC0C8700C71A07 /* Info.plist */,
				046C361823FC0C8700C71A07 /* main.m */,
			);
			path = "12. Blocks";
			sourceTree = "<group>";
		};
/* End PBXGroup section */

/* Begin PBXNativeTarget section */
		046C360523FC0C8400C71A07 /* 12. Blocks */ = {
			isa = PBXNativeTarget;
			buildConfigurationList = 046C361C23FC0C8700C71A07 /* Build configuration list for PBXNativeTarget "12. Blocks" */;
			buildPhases = (
				046C360223FC0C8400C71A07 /* Sources */,
				046C360323FC0C8400C71A07 /* Frameworks */,
				046C360423FC0C8400C71A07 /* Resources */,
			);
			buildRules = (
			);
			dependencies = (
			);
			name = "12. Blocks";
			productName = "12. Blocks";
			productReference = 046C360623FC0C8400C71A07 /* 12. Blocks.app */;
			productType = "com.apple.product-type.application";
		};
/* End PBXNativeTarget section */

/* Begin PBXProject section */
		046C35FE23FC0C8400C71A07 /* Project object */ = {
			isa = PBXProject;
			attributes = {
				LastUpgradeCheck = 1020;
				ORGANIZATIONNAME = MacBookPro;
				TargetAttributes = {
					046C360523FC0C8400C71A07 = {
						CreatedOnToolsVersion = 10.2.1;
					};
				};
			};
			buildConfigurationList = 046C360123FC0C8400C71A07 /* Build configuration list for PBXProject "12. Blocks" */;
			compatibilityVersion = "Xcode 9.3";
			developmentRegion = en;
			hasScannedForEncodings = 0;
			knownRegions = (
				en,
				Base,
			);
			mainGroup = 046C35FD23FC0C8400C71A07;
			productRefGroup = 046C360723FC0C8400C71A07 /* Products */;
			projectDirPath = "";
			projectRoot = "";
			targets = (
				046C360523FC0C8400C71A07 /* 12. Blocks */,
			);
		};
/* End PBXProject section */

/* Begin PBXResourcesBuildPhase section */
		046C360423FC0C8400C71A07 /* Resources */ = {
			isa = PBXResourcesBuildPhase;
			buildActionMask = 2147483647;
			files = (
				046C361623FC0C8700C71A07 /* LaunchScreen.storyboard in Resources */,
				046C361323FC0C8700C71A07 /* Assets.xcassets in Resources */,
				046C361123FC0C8400C71A07 /* Main.storyboard in Resources */,
			);
			runOnlyForDeploymentPostprocessing = 0;
		};
/* End PBXResourcesBuildPhase section */

/* Begin PBXSourcesBuildPhase section */
		046C360223FC0C8400C71A07 /* Sources */ = {
			isa = PBXSourcesBuildPhase;
			buildActionMask = 2147483647;
			files = (
				046C360E23FC0C8400C71A07 /* ViewController.m in Sources */,
				046C362123FC40AF00C71A07 /* VSObject.m in Sources */,
				046C361923FC0C8700C71A07 /* main.m in Sources */,
				046C360B23FC0C8400C71A07 /* AppDelegate.m in Sources */,
			);
			runOnlyForDeploymentPostprocessing = 0;
		};
/* End PBXSourcesBuildPhase section */

/* Begin PBXVariantGroup section */
		046C360F23FC0C8400C71A07 /* Main.storyboard */ = {
			isa = PBXVariantGroup;
			children = (
				046C361023FC0C8400C71A07 /* Base */,
			);
			name = Main.storyboard;
			sourceTree = "<group>";
		};
		046C361423FC0C8700C71A07 /* LaunchScreen.storyboard */ = {
			isa = PBXVariantGroup;
			children = (
				046C361523FC0C8700C71A07 /* Base */,
			);
			name = LaunchScreen.storyboard;
			sourceTree = "<group>";
		};
/* End PBXVariantGroup section */

/* Begin XCBuildConfiguration section */
		046C361A23FC0C8700C71A07 /* Debug */ = {
			isa = XCBuildConfiguration;
			buildSettings = {
				ALWAYS_SEARCH_USER_PATHS = NO;
				CLANG_ANALYZER_NONNULL = YES;
				CLANG_ANALYZER_NUMBER_OBJECT_CONVERSION = YES_AGGRESSIVE;
				CLANG_CXX_LANGUAGE_STANDARD = "gnu++14";
				CLANG_CXX_LIBRARY = "libc++";
				CLANG_ENABLE_MODULES = YES;
				CLANG_ENABLE_OBJC_ARC = YES;
				CLANG_ENABLE_OBJC_WEAK = YES;
				CLANG_WARN_BLOCK_CAPTURE_AUTORELEASING = YES;
				CLANG_WARN_BOOL_CONVERSION = YES;
				CLANG_WARN_COMMA = YES;
				CLANG_WARN_CONSTANT_CONVERSION = YES;
				CLANG_WARN_DEPRECATED_OBJC_IMPLEMENTATIONS = YES;
				CLANG_WARN_DIRECT_OBJC_ISA_USAGE = YES_ERROR;
				CLANG_WARN_DOCUMENTATION_COMMENTS = YES;
				CLANG_WARN_EMPTY_BODY = YES;
				CLANG_WARN_ENUM_CONVERSION = YES;
				CLANG_WARN_INFINITE_RECURSION = YES;
				CLANG_WARN_INT_CONVERSION = YES;
				CLANG_WARN_NON_LITERAL_NULL_CONVERSION = YES;
				CLANG_WARN_OBJC_IMPLICIT_RETAIN_SELF = YES;
				CLANG_WARN_OBJC_LITERAL_CONVERSION = YES;
				CLANG_WARN_OBJC_ROOT_CLASS = YES_ERROR;
				CLANG_WARN_RANGE_LOOP_ANALYSIS = YES;
				CLANG_WARN_STRICT_PROTOTYPES = YES;
				CLANG_WARN_SUSPICIOUS_MOVE = YES;
				CLANG_WARN_UNGUARDED_AVAILABILITY = YES_AGGRESSIVE;
				CLANG_WARN_UNREACHABLE_CODE = YES;
				CLANG_WARN__DUPLICATE_METHOD_MATCH = YES;
				CODE_SIGN_IDENTITY = "iPhone Developer";
				COPY_PHASE_STRIP = NO;
				DEBUG_INFORMATION_FORMAT = dwarf;
				ENABLE_STRICT_OBJC_MSGSEND = YES;
				ENABLE_TESTABILITY = YES;
				GCC_C_LANGUAGE_STANDARD = gnu11;
				GCC_DYNAMIC_NO_PIC = NO;
				GCC_NO_COMMON_BLOCKS = YES;
				GCC_OPTIMIZATION_LEVEL = 0;
				GCC_PREPROCESSOR_DEFINITIONS = (
					"DEBUG=1",
					"$(inherited)",
				);
				GCC_WARN_64_TO_32_BIT_CONVERSION = YES;
				GCC_WARN_ABOUT_RETURN_TYPE = YES_ERROR;
				GCC_WARN_UNDECLARED_SELECTOR = YES;
				GCC_WARN_UNINITIALIZED_AUTOS = YES_AGGRESSIVE;
				GCC_WARN_UNUSED_FUNCTION = YES;
				GCC_WARN_UNUSED_VARIABLE = YES;
				IPHONEOS_DEPLOYMENT_TARGET = 12.2;
				MTL_ENABLE_DEBUG_INFO = INCLUDE_SOURCE;
				MTL_FAST_MATH = YES;
				ONLY_ACTIVE_ARCH = YES;
				SDKROOT = iphoneos;
			};
			name = Debug;
		};
		046C361B23FC0C8700C71A07 /* Release */ = {
			isa = XCBuildConfiguration;
			buildSettings = {
				ALWAYS_SEARCH_USER_PATHS = NO;
				CLANG_ANALYZER_NONNULL = YES;
				CLANG_ANALYZER_NUMBER_OBJECT_CONVERSION = YES_AGGRESSIVE;
				CLANG_CXX_LANGUAGE_STANDARD = "gnu++14";
				CLANG_CXX_LIBRARY = "libc++";
				CLANG_ENABLE_MODULES = YES;
				CLANG_ENABLE_OBJC_ARC = YES;
				CLANG_ENABLE_OBJC_WEAK = YES;
				CLANG_WARN_BLOCK_CAPTURE_AUTORELEASING = YES;
				CLANG_WARN_BOOL_CONVERSION = YES;
				CLANG_WARN_COMMA = YES;
				CLANG_WARN_CONSTANT_CONVERSION = YES;
				CLANG_WARN_DEPRECATED_OBJC_IMPLEMENTATIONS = YES;
				CLANG_WARN_DIRECT_OBJC_ISA_USAGE = YES_ERROR;
				CLANG_WARN_DOCUMENTATION_COMMENTS = YES;
				CLANG_WARN_EMPTY_BODY = YES;
				CLANG_WARN_ENUM_CONVERSION = YES;
				CLANG_WARN_INFINITE_RECURSION = YES;
				CLANG_WARN_INT_CONVERSION = YES;
				CLANG_WARN_NON_LITERAL_NULL_CONVERSION = YES;
				CLANG_WARN_OBJC_IMPLICIT_RETAIN_SELF = YES;
				CLANG_WARN_OBJC_LITERAL_CONVERSION = YES;
				CLANG_WARN_OBJC_ROOT_CLASS = YES_ERROR;
				CLANG_WARN_RANGE_LOOP_ANALYSIS = YES;
				CLANG_WARN_STRICT_PROTOTYPES = YES;
				CLANG_WARN_SUSPICIOUS_MOVE = YES;
				CLANG_WARN_UNGUARDED_AVAILABILITY = YES_AGGRESSIVE;
				CLANG_WARN_UNREACHABLE_CODE = YES;
				CLANG_WARN__DUPLICATE_METHOD_MATCH = YES;
				CODE_SIGN_IDENTITY = "iPhone Developer";
				COPY_PHASE_STRIP = NO;
				DEBUG_INFORMATION_FORMAT = "dwarf-with-dsym";
				ENABLE_NS_ASSERTIONS = NO;
				ENABLE_STRICT_OBJC_MSGSEND = YES;
				GCC_C_LANGUAGE_STANDARD = gnu11;
				GCC_NO_COMMON_BLOCKS = YES;
				GCC_WARN_64_TO_32_BIT_CONVERSION = YES;
				GCC_WARN_ABOUT_RETURN_TYPE = YES_ERROR;
				GCC_WARN_UNDECLARED_SELECTOR = YES;
				GCC_WARN_UNINITIALIZED_AUTOS = YES_AGGRESSIVE;
				GCC_WARN_UNUSED_FUNCTION = YES;
				GCC_WARN_UNUSED_VARIABLE = YES;
				IPHONEOS_DEPLOYMENT_TARGET = 12.2;
				MTL_ENABLE_DEBUG_INFO = NO;
				MTL_FAST_MATH = YES;
				SDKROOT = iphoneos;
				VALIDATE_PRODUCT = YES;
			};
			name = Release;
		};
		046C361D23FC0C8700C71A07 /* Debug */ = {
			isa = XCBuildConfiguration;
			buildSettings = {
				ASSETCATALOG_COMPILER_APPICON_NAME = AppIcon;
				CODE_SIGN_STYLE = Automatic;
				DEVELOPMENT_TEAM = K55226VZK5;
				INFOPLIST_FILE = "12. Blocks/Info.plist";
				LD_RUNPATH_SEARCH_PATHS = (
					"$(inherited)",
					"@executable_path/Frameworks",
				);
				PRODUCT_BUNDLE_IDENTIFIER = "com.vsevolod.-2--Blocks";
				PRODUCT_NAME = "$(TARGET_NAME)";
				TARGETED_DEVICE_FAMILY = "1,2";
			};
			name = Debug;
		};
		046C361E23FC0C8700C71A07 /* Release */ = {
			isa = XCBuildConfiguration;
			buildSettings = {
				ASSETCATALOG_COMPILER_APPICON_NAME = AppIcon;
				CODE_SIGN_STYLE = Automatic;
				DEVELOPMENT_TEAM = K55226VZK5;
				INFOPLIST_FILE = "12. Blocks/Info.plist";
				LD_RUNPATH_SEARCH_PATHS = (
					"$(inherited)",
					"@executable_path/Frameworks",
				);
				PRODUCT_BUNDLE_IDENTIFIER = "com.vsevolod.-2--Blocks";
				PRODUCT_NAME = "$(TARGET_NAME)";
				TARGETED_DEVICE_FAMILY = "1,2";
			};
			name = Release;
		};
/* End XCBuildConfiguration section */

/* Begin XCConfigurationList section */
		046C360123FC0C8400C71A07 /* Build configuration list for PBXProject "12. Blocks" */ = {
			isa = XCConfigurationList;
			buildConfigurations = (
				046C361A23FC0C8700C71A07 /* Debug */,
				046C361B23FC0C8700C71A07 /* Release */,
			);
			defaultConfigurationIsVisible = 0;
			defaultConfigurationName = Release;
		};
		046C361C23FC0C8700C71A07 /* Build configuration list for PBXNativeTarget "12. Blocks" */ = {
			isa = XCConfigurationList;
			buildConfigurations = (
				046C361D23FC0C8700C71A07 /* Debug */,
				046C361E23FC0C8700C71A07 /* Release */,
			);
			defaultConfigurationIsVisible = 0;
			defaultConfigurationName = Release;
		};
/* End XCConfigurationList section */
	};
	rootObject = 046C35FE23FC0C8400C71A07 /* Project object */;
}
