// !$*UTF8*$!
{
	archiveVersion = 1;
	classes = {
	};
	objectVersion = 50;
	objects = {

/* Begin PBXBuildFile section */
		047CFDE623EC7B480003D04A /* AppDelegate.m in Sources */ = {isa = PBXBuildFile; fileRef = 047CFDE523EC7B480003D04A /* AppDelegate.m */; };
		047CFDE923EC7B480003D04A /* ViewController.m in Sources */ = {isa = PBXBuildFile; fileRef = 047CFDE823EC7B480003D04A /* ViewController.m */; };
		047CFDEC23EC7B480003D04A /* Main.storyboard in Resources */ = {isa = PBXBuildFile; fileRef = 047CFDEA23EC7B480003D04A /* Main.storyboard */; };
		047CFDEE23EC7B490003D04A /* Assets.xcassets in Resources */ = {isa = PBXBuildFile; fileRef = 047CFDED23EC7B490003D04A /* Assets.xcassets */; };
		047CFDF123EC7B490003D04A /* LaunchScreen.storyboard in Resources */ = {isa = PBXBuildFile; fileRef = 047CFDEF23EC7B490003D04A /* LaunchScreen.storyboard */; };
		047CFDF423EC7B490003D04A /* main.m in Sources */ = {isa = PBXBuildFile; fileRef = 047CFDF323EC7B490003D04A /* main.m */; };
		047CFDFC23EC7B6A0003D04A /* VSMan.m in Sources */ = {isa = PBXBuildFile; fileRef = 047CFDFB23EC7B6A0003D04A /* VSMan.m */; };
		047CFDFF23EC953B0003D04A /* VSCyclist.m in Sources */ = {isa = PBXBuildFile; fileRef = 047CFDFE23EC953B0003D04A /* VSCyclist.m */; };
		047CFE0223EC959C0003D04A /* VSRunner.m in Sources */ = {isa = PBXBuildFile; fileRef = 047CFE0123EC959C0003D04A /* VSRunner.m */; };
		047CFE0523EC95C70003D04A /* VSSwimmer.m in Sources */ = {isa = PBXBuildFile; fileRef = 047CFE0423EC95C70003D04A /* VSSwimmer.m */; };
		047CFE0823ED78560003D04A /* VSPerson.m in Sources */ = {isa = PBXBuildFile; fileRef = 047CFE0723ED78560003D04A /* VSPerson.m */; };
		047CFE0B23EEE4220003D04A /* VSAnimal.m in Sources */ = {isa = PBXBuildFile; fileRef = 047CFE0A23EEE4220003D04A /* VSAnimal.m */; };
		047CFE1023EEEEA60003D04A /* VSFish.m in Sources */ = {isa = PBXBuildFile; fileRef = 047CFE0F23EEEEA60003D04A /* VSFish.m */; };
		047CFE1323EEEEBE0003D04A /* VSBird.m in Sources */ = {isa = PBXBuildFile; fileRef = 047CFE1223EEEEBE0003D04A /* VSBird.m */; };
		047CFE1623EEEEFD0003D04A /* VSCat.m in Sources */ = {isa = PBXBuildFile; fileRef = 047CFE1523EEEEFD0003D04A /* VSCat.m */; };
/* End PBXBuildFile section */

/* Begin PBXFileReference section */
		047CFDE123EC7B480003D04A /* 05. HomeWork.app */ = {isa = PBXFileReference; explicitFileType = wrapper.application; includeInIndex = 0; path = "05. HomeWork.app"; sourceTree = BUILT_PRODUCTS_DIR; };
		047CFDE423EC7B480003D04A /* AppDelegate.h */ = {isa = PBXFileReference; lastKnownFileType = sourcecode.c.h; path = AppDelegate.h; sourceTree = "<group>"; };
		047CFDE523EC7B480003D04A /* AppDelegate.m */ = {isa = PBXFileReference; lastKnownFileType = sourcecode.c.objc; path = AppDelegate.m; sourceTree = "<group>"; };
		047CFDE723EC7B480003D04A /* ViewController.h */ = {isa = PBXFileReference; lastKnownFileType = sourcecode.c.h; path = ViewController.h; sourceTree = "<group>"; };
		047CFDE823EC7B480003D04A /* ViewController.m */ = {isa = PBXFileReference; lastKnownFileType = sourcecode.c.objc; path = ViewController.m; sourceTree = "<group>"; };
		047CFDEB23EC7B480003D04A /* Base */ = {isa = PBXFileReference; lastKnownFileType = file.storyboard; name = Base; path = Base.lproj/Main.storyboard; sourceTree = "<group>"; };
		047CFDED23EC7B490003D04A /* Assets.xcassets */ = {isa = PBXFileReference; lastKnownFileType = folder.assetcatalog; path = Assets.xcassets; sourceTree = "<group>"; };
		047CFDF023EC7B490003D04A /* Base */ = {isa = PBXFileReference; lastKnownFileType = file.storyboard; name = Base; path = Base.lproj/LaunchScreen.storyboard; sourceTree = "<group>"; };
		047CFDF223EC7B490003D04A /* Info.plist */ = {isa = PBXFileReference; lastKnownFileType = text.plist.xml; path = Info.plist; sourceTree = "<group>"; };
		047CFDF323EC7B490003D04A /* main.m */ = {isa = PBXFileReference; lastKnownFileType = sourcecode.c.objc; path = main.m; sourceTree = "<group>"; };
		047CFDFA23EC7B6A0003D04A /* VSMan.h */ = {isa = PBXFileReference; lastKnownFileType = sourcecode.c.h; path = VSMan.h; sourceTree = "<group>"; };
		047CFDFB23EC7B6A0003D04A /* VSMan.m */ = {isa = PBXFileReference; lastKnownFileType = sourcecode.c.objc; path = VSMan.m; sourceTree = "<group>"; };
		047CFDFD23EC953B0003D04A /* VSCyclist.h */ = {isa = PBXFileReference; lastKnownFileType = sourcecode.c.h; path = VSCyclist.h; sourceTree = "<group>"; };
		047CFDFE23EC953B0003D04A /* VSCyclist.m */ = {isa = PBXFileReference; lastKnownFileType = sourcecode.c.objc; path = VSCyclist.m; sourceTree = "<group>"; };
		047CFE0023EC959C0003D04A /* VSRunner.h */ = {isa = PBXFileReference; lastKnownFileType = sourcecode.c.h; path = VSRunner.h; sourceTree = "<group>"; };
		047CFE0123EC959C0003D04A /* VSRunner.m */ = {isa = PBXFileReference; lastKnownFileType = sourcecode.c.objc; path = VSRunner.m; sourceTree = "<group>"; };
		047CFE0323EC95C70003D04A /* VSSwimmer.h */ = {isa = PBXFileReference; lastKnownFileType = sourcecode.c.h; path = VSSwimmer.h; sourceTree = "<group>"; };
		047CFE0423EC95C70003D04A /* VSSwimmer.m */ = {isa = PBXFileReference; lastKnownFileType = sourcecode.c.objc; path = VSSwimmer.m; sourceTree = "<group>"; };
		047CFE0623ED78560003D04A /* VSPerson.h */ = {isa = PBXFileReference; lastKnownFileType = sourcecode.c.h; path = VSPerson.h; sourceTree = "<group>"; };
		047CFE0723ED78560003D04A /* VSPerson.m */ = {isa = PBXFileReference; lastKnownFileType = sourcecode.c.objc; path = VSPerson.m; sourceTree = "<group>"; };
		047CFE0923EEE4220003D04A /* VSAnimal.h */ = {isa = PBXFileReference; lastKnownFileType = sourcecode.c.h; path = VSAnimal.h; sourceTree = "<group>"; };
		047CFE0A23EEE4220003D04A /* VSAnimal.m */ = {isa = PBXFileReference; lastKnownFileType = sourcecode.c.objc; path = VSAnimal.m; sourceTree = "<group>"; };
		047CFE0E23EEEEA60003D04A /* VSFish.h */ = {isa = PBXFileReference; lastKnownFileType = sourcecode.c.h; path = VSFish.h; sourceTree = "<group>"; };
		047CFE0F23EEEEA60003D04A /* VSFish.m */ = {isa = PBXFileReference; lastKnownFileType = sourcecode.c.objc; path = VSFish.m; sourceTree = "<group>"; };
		047CFE1123EEEEBE0003D04A /* VSBird.h */ = {isa = PBXFileReference; lastKnownFileType = sourcecode.c.h; path = VSBird.h; sourceTree = "<group>"; };
		047CFE1223EEEEBE0003D04A /* VSBird.m */ = {isa = PBXFileReference; lastKnownFileType = sourcecode.c.objc; path = VSBird.m; sourceTree = "<group>"; };
		047CFE1423EEEEFD0003D04A /* VSCat.h */ = {isa = PBXFileReference; lastKnownFileType = sourcecode.c.h; path = VSCat.h; sourceTree = "<group>"; };
		047CFE1523EEEEFD0003D04A /* VSCat.m */ = {isa = PBXFileReference; lastKnownFileType = sourcecode.c.objc; path = VSCat.m; sourceTree = "<group>"; };
/* End PBXFileReference section */

/* Begin PBXFrameworksBuildPhase section */
		047CFDDE23EC7B480003D04A /* Frameworks */ = {
			isa = PBXFrameworksBuildPhase;
			buildActionMask = 2147483647;
			files = (
			);
			runOnlyForDeploymentPostprocessing = 0;
		};
/* End PBXFrameworksBuildPhase section */

/* Begin PBXGroup section */
		047CFDD823EC7B480003D04A = {
			isa = PBXGroup;
			children = (
				047CFDE323EC7B480003D04A /* 05. HomeWork */,
				047CFDE223EC7B480003D04A /* Products */,
			);
			sourceTree = "<group>";
		};
		047CFDE223EC7B480003D04A /* Products */ = {
			isa = PBXGroup;
			children = (
				047CFDE123EC7B480003D04A /* 05. HomeWork.app */,
			);
			name = Products;
			sourceTree = "<group>";
		};
		047CFDE323EC7B480003D04A /* 05. HomeWork */ = {
			isa = PBXGroup;
			children = (
				047CFE1723EEEFF00003D04A /* Student level */,
				047CFE0D23EEE4570003D04A /* Master level */,
				047CFDE423EC7B480003D04A /* AppDelegate.h */,
				047CFDE523EC7B480003D04A /* AppDelegate.m */,
				047CFDE723EC7B480003D04A /* ViewController.h */,
				047CFDE823EC7B480003D04A /* ViewController.m */,
				047CFDEA23EC7B480003D04A /* Main.storyboard */,
				047CFDED23EC7B490003D04A /* Assets.xcassets */,
				047CFDEF23EC7B490003D04A /* LaunchScreen.storyboard */,
				047CFDF223EC7B490003D04A /* Info.plist */,
				047CFDF323EC7B490003D04A /* main.m */,
			);
			path = "05. HomeWork";
			sourceTree = "<group>";
		};
		047CFE0D23EEE4570003D04A /* Master level */ = {
			isa = PBXGroup;
			children = (
				047CFE0923EEE4220003D04A /* VSAnimal.h */,
				047CFE0A23EEE4220003D04A /* VSAnimal.m */,
				047CFE1423EEEEFD0003D04A /* VSCat.h */,
				047CFE1523EEEEFD0003D04A /* VSCat.m */,
				047CFE1123EEEEBE0003D04A /* VSBird.h */,
				047CFE1223EEEEBE0003D04A /* VSBird.m */,
				047CFE0E23EEEEA60003D04A /* VSFish.h */,
				047CFE0F23EEEEA60003D04A /* VSFish.m */,
			);
			path = "Master level";
			sourceTree = "<group>";
		};
		047CFE1723EEEFF00003D04A /* Student level */ = {
			isa = PBXGroup;
			children = (
				047CFDFA23EC7B6A0003D04A /* VSMan.h */,
				047CFDFB23EC7B6A0003D04A /* VSMan.m */,
				047CFE0623ED78560003D04A /* VSPerson.h */,
				047CFE0723ED78560003D04A /* VSPerson.m */,
				047CFDFD23EC953B0003D04A /* VSCyclist.h */,
				047CFDFE23EC953B0003D04A /* VSCyclist.m */,
				047CFE0023EC959C0003D04A /* VSRunner.h */,
				047CFE0123EC959C0003D04A /* VSRunner.m */,
				047CFE0323EC95C70003D04A /* VSSwimmer.h */,
				047CFE0423EC95C70003D04A /* VSSwimmer.m */,
			);
			path = "Student level";
			sourceTree = "<group>";
		};
/* End PBXGroup section */

/* Begin PBXNativeTarget section */
		047CFDE023EC7B480003D04A /* 05. HomeWork */ = {
			isa = PBXNativeTarget;
			buildConfigurationList = 047CFDF723EC7B490003D04A /* Build configuration list for PBXNativeTarget "05. HomeWork" */;
			buildPhases = (
				047CFDDD23EC7B480003D04A /* Sources */,
				047CFDDE23EC7B480003D04A /* Frameworks */,
				047CFDDF23EC7B480003D04A /* Resources */,
			);
			buildRules = (
			);
			dependencies = (
			);
			name = "05. HomeWork";
			productName = "05. HomeWork";
			productReference = 047CFDE123EC7B480003D04A /* 05. HomeWork.app */;
			productType = "com.apple.product-type.application";
		};
/* End PBXNativeTarget section */

/* Begin PBXProject section */
		047CFDD923EC7B480003D04A /* Project object */ = {
			isa = PBXProject;
			attributes = {
				LastUpgradeCheck = 1020;
				ORGANIZATIONNAME = MacBookPro;
				TargetAttributes = {
					047CFDE023EC7B480003D04A = {
						CreatedOnToolsVersion = 10.2.1;
					};
				};
			};
			buildConfigurationList = 047CFDDC23EC7B480003D04A /* Build configuration list for PBXProject "05. HomeWork" */;
			compatibilityVersion = "Xcode 9.3";
			developmentRegion = en;
			hasScannedForEncodings = 0;
			knownRegions = (
				en,
				Base,
			);
			mainGroup = 047CFDD823EC7B480003D04A;
			productRefGroup = 047CFDE223EC7B480003D04A /* Products */;
			projectDirPath = "";
			projectRoot = "";
			targets = (
				047CFDE023EC7B480003D04A /* 05. HomeWork */,
			);
		};
/* End PBXProject section */

/* Begin PBXResourcesBuildPhase section */
		047CFDDF23EC7B480003D04A /* Resources */ = {
			isa = PBXResourcesBuildPhase;
			buildActionMask = 2147483647;
			files = (
				047CFDF123EC7B490003D04A /* LaunchScreen.storyboard in Resources */,
				047CFDEE23EC7B490003D04A /* Assets.xcassets in Resources */,
				047CFDEC23EC7B480003D04A /* Main.storyboard in Resources */,
			);
			runOnlyForDeploymentPostprocessing = 0;
		};
/* End PBXResourcesBuildPhase section */

/* Begin PBXSourcesBuildPhase section */
		047CFDDD23EC7B480003D04A /* Sources */ = {
			isa = PBXSourcesBuildPhase;
			buildActionMask = 2147483647;
			files = (
				047CFDE923EC7B480003D04A /* ViewController.m in Sources */,
				047CFDF423EC7B490003D04A /* main.m in Sources */,
				047CFE0223EC959C0003D04A /* VSRunner.m in Sources */,
				047CFE1623EEEEFD0003D04A /* VSCat.m in Sources */,
				047CFDE623EC7B480003D04A /* AppDelegate.m in Sources */,
				047CFE1323EEEEBE0003D04A /* VSBird.m in Sources */,
				047CFDFC23EC7B6A0003D04A /* VSMan.m in Sources */,
				047CFE0823ED78560003D04A /* VSPerson.m in Sources */,
				047CFDFF23EC953B0003D04A /* VSCyclist.m in Sources */,
				047CFE0B23EEE4220003D04A /* VSAnimal.m in Sources */,
				047CFE1023EEEEA60003D04A /* VSFish.m in Sources */,
				047CFE0523EC95C70003D04A /* VSSwimmer.m in Sources */,
			);
			runOnlyForDeploymentPostprocessing = 0;
		};
/* End PBXSourcesBuildPhase section */

/* Begin PBXVariantGroup section */
		047CFDEA23EC7B480003D04A /* Main.storyboard */ = {
			isa = PBXVariantGroup;
			children = (
				047CFDEB23EC7B480003D04A /* Base */,
			);
			name = Main.storyboard;
			sourceTree = "<group>";
		};
		047CFDEF23EC7B490003D04A /* LaunchScreen.storyboard */ = {
			isa = PBXVariantGroup;
			children = (
				047CFDF023EC7B490003D04A /* Base */,
			);
			name = LaunchScreen.storyboard;
			sourceTree = "<group>";
		};
/* End PBXVariantGroup section */

/* Begin XCBuildConfiguration section */
		047CFDF523EC7B490003D04A /* Debug */ = {
			isa = XCBuildConfiguration;
			buildSettings = {
				ALWAYS_SEARCH_USER_PATHS = NO;
				CLANG_ANALYZER_NONNULL = YES;
				CLANG_ANALYZER_NUMBER_OBJECT_CONVERSION = YES_AGGRESSIVE;
				CLANG_CXX_LANGUAGE_STANDARD = "gnu++14";
				CLANG_CXX_LIBRARY = "libc++";
				CLANG_ENABLE_MODULES = YES;
				CLANG_ENABLE_OBJC_ARC = YES;
				CLANG_ENABLE_OBJC_WEAK = YES;
				CLANG_WARN_BLOCK_CAPTURE_AUTORELEASING = YES;
				CLANG_WARN_BOOL_CONVERSION = YES;
				CLANG_WARN_COMMA = YES;
				CLANG_WARN_CONSTANT_CONVERSION = YES;
				CLANG_WARN_DEPRECATED_OBJC_IMPLEMENTATIONS = YES;
				CLANG_WARN_DIRECT_OBJC_ISA_USAGE = YES_ERROR;
				CLANG_WARN_DOCUMENTATION_COMMENTS = YES;
				CLANG_WARN_EMPTY_BODY = YES;
				CLANG_WARN_ENUM_CONVERSION = YES;
				CLANG_WARN_INFINITE_RECURSION = YES;
				CLANG_WARN_INT_CONVERSION = YES;
				CLANG_WARN_NON_LITERAL_NULL_CONVERSION = YES;
				CLANG_WARN_OBJC_IMPLICIT_RETAIN_SELF = YES;
				CLANG_WARN_OBJC_LITERAL_CONVERSION = YES;
				CLANG_WARN_OBJC_ROOT_CLASS = YES_ERROR;
				CLANG_WARN_RANGE_LOOP_ANALYSIS = YES;
				CLANG_WARN_STRICT_PROTOTYPES = YES;
				CLANG_WARN_SUSPICIOUS_MOVE = YES;
				CLANG_WARN_UNGUARDED_AVAILABILITY = YES_AGGRESSIVE;
				CLANG_WARN_UNREACHABLE_CODE = YES;
				CLANG_WARN__DUPLICATE_METHOD_MATCH = YES;
				CODE_SIGN_IDENTITY = "iPhone Developer";
				COPY_PHASE_STRIP = NO;
				DEBUG_INFORMATION_FORMAT = dwarf;
				ENABLE_STRICT_OBJC_MSGSEND = YES;
				ENABLE_TESTABILITY = YES;
				GCC_C_LANGUAGE_STANDARD = gnu11;
				GCC_DYNAMIC_NO_PIC = NO;
				GCC_NO_COMMON_BLOCKS = YES;
				GCC_OPTIMIZATION_LEVEL = 0;
				GCC_PREPROCESSOR_DEFINITIONS = (
					"DEBUG=1",
					"$(inherited)",
				);
				GCC_WARN_64_TO_32_BIT_CONVERSION = YES;
				GCC_WARN_ABOUT_RETURN_TYPE = YES_ERROR;
				GCC_WARN_UNDECLARED_SELECTOR = YES;
				GCC_WARN_UNINITIALIZED_AUTOS = YES_AGGRESSIVE;
				GCC_WARN_UNUSED_FUNCTION = YES;
				GCC_WARN_UNUSED_VARIABLE = YES;
				IPHONEOS_DEPLOYMENT_TARGET = 12.2;
				MTL_ENABLE_DEBUG_INFO = INCLUDE_SOURCE;
				MTL_FAST_MATH = YES;
				ONLY_ACTIVE_ARCH = YES;
				SDKROOT = iphoneos;
			};
			name = Debug;
		};
		047CFDF623EC7B490003D04A /* Release */ = {
			isa = XCBuildConfiguration;
			buildSettings = {
				ALWAYS_SEARCH_USER_PATHS = NO;
				CLANG_ANALYZER_NONNULL = YES;
				CLANG_ANALYZER_NUMBER_OBJECT_CONVERSION = YES_AGGRESSIVE;
				CLANG_CXX_LANGUAGE_STANDARD = "gnu++14";
				CLANG_CXX_LIBRARY = "libc++";
				CLANG_ENABLE_MODULES = YES;
				CLANG_ENABLE_OBJC_ARC = YES;
				CLANG_ENABLE_OBJC_WEAK = YES;
				CLANG_WARN_BLOCK_CAPTURE_AUTORELEASING = YES;
				CLANG_WARN_BOOL_CONVERSION = YES;
				CLANG_WARN_COMMA = YES;
				CLANG_WARN_CONSTANT_CONVERSION = YES;
				CLANG_WARN_DEPRECATED_OBJC_IMPLEMENTATIONS = YES;
				CLANG_WARN_DIRECT_OBJC_ISA_USAGE = YES_ERROR;
				CLANG_WARN_DOCUMENTATION_COMMENTS = YES;
				CLANG_WARN_EMPTY_BODY = YES;
				CLANG_WARN_ENUM_CONVERSION = YES;
				CLANG_WARN_INFINITE_RECURSION = YES;
				CLANG_WARN_INT_CONVERSION = YES;
				CLANG_WARN_NON_LITERAL_NULL_CONVERSION = YES;
				CLANG_WARN_OBJC_IMPLICIT_RETAIN_SELF = YES;
				CLANG_WARN_OBJC_LITERAL_CONVERSION = YES;
				CLANG_WARN_OBJC_ROOT_CLASS = YES_ERROR;
				CLANG_WARN_RANGE_LOOP_ANALYSIS = YES;
				CLANG_WARN_STRICT_PROTOTYPES = YES;
				CLANG_WARN_SUSPICIOUS_MOVE = YES;
				CLANG_WARN_UNGUARDED_AVAILABILITY = YES_AGGRESSIVE;
				CLANG_WARN_UNREACHABLE_CODE = YES;
				CLANG_WARN__DUPLICATE_METHOD_MATCH = YES;
				CODE_SIGN_IDENTITY = "iPhone Developer";
				COPY_PHASE_STRIP = NO;
				DEBUG_INFORMATION_FORMAT = "dwarf-with-dsym";
				ENABLE_NS_ASSERTIONS = NO;
				ENABLE_STRICT_OBJC_MSGSEND = YES;
				GCC_C_LANGUAGE_STANDARD = gnu11;
				GCC_NO_COMMON_BLOCKS = YES;
				GCC_WARN_64_TO_32_BIT_CONVERSION = YES;
				GCC_WARN_ABOUT_RETURN_TYPE = YES_ERROR;
				GCC_WARN_UNDECLARED_SELECTOR = YES;
				GCC_WARN_UNINITIALIZED_AUTOS = YES_AGGRESSIVE;
				GCC_WARN_UNUSED_FUNCTION = YES;
				GCC_WARN_UNUSED_VARIABLE = YES;
				IPHONEOS_DEPLOYMENT_TARGET = 12.2;
				MTL_ENABLE_DEBUG_INFO = NO;
				MTL_FAST_MATH = YES;
				SDKROOT = iphoneos;
				VALIDATE_PRODUCT = YES;
			};
			name = Release;
		};
		047CFDF823EC7B490003D04A /* Debug */ = {
			isa = XCBuildConfiguration;
			buildSettings = {
				ASSETCATALOG_COMPILER_APPICON_NAME = AppIcon;
				CODE_SIGN_STYLE = Automatic;
				DEVELOPMENT_TEAM = K55226VZK5;
				INFOPLIST_FILE = "05. HomeWork/Info.plist";
				LD_RUNPATH_SEARCH_PATHS = (
					"$(inherited)",
					"@executable_path/Frameworks",
				);
				PRODUCT_BUNDLE_IDENTIFIER = "com.vsevolod.-5--HomeWork";
				PRODUCT_NAME = "$(TARGET_NAME)";
				TARGETED_DEVICE_FAMILY = "1,2";
			};
			name = Debug;
		};
		047CFDF923EC7B490003D04A /* Release */ = {
			isa = XCBuildConfiguration;
			buildSettings = {
				ASSETCATALOG_COMPILER_APPICON_NAME = AppIcon;
				CODE_SIGN_STYLE = Automatic;
				DEVELOPMENT_TEAM = K55226VZK5;
				INFOPLIST_FILE = "05. HomeWork/Info.plist";
				LD_RUNPATH_SEARCH_PATHS = (
					"$(inherited)",
					"@executable_path/Frameworks",
				);
				PRODUCT_BUNDLE_IDENTIFIER = "com.vsevolod.-5--HomeWork";
				PRODUCT_NAME = "$(TARGET_NAME)";
				TARGETED_DEVICE_FAMILY = "1,2";
			};
			name = Release;
		};
/* End XCBuildConfiguration section */

/* Begin XCConfigurationList section */
		047CFDDC23EC7B480003D04A /* Build configuration list for PBXProject "05. HomeWork" */ = {
			isa = XCConfigurationList;
			buildConfigurations = (
				047CFDF523EC7B490003D04A /* Debug */,
				047CFDF623EC7B490003D04A /* Release */,
			);
			defaultConfigurationIsVisible = 0;
			defaultConfigurationName = Release;
		};
		047CFDF723EC7B490003D04A /* Build configuration list for PBXNativeTarget "05. HomeWork" */ = {
			isa = XCConfigurationList;
			buildConfigurations = (
				047CFDF823EC7B490003D04A /* Debug */,
				047CFDF923EC7B490003D04A /* Release */,
			);
			defaultConfigurationIsVisible = 0;
			defaultConfigurationName = Release;
		};
/* End XCConfigurationList section */
	};
	rootObject = 047CFDD923EC7B480003D04A /* Project object */;
}
